<?xml version="1.0" encoding="UTF-8" standalone="yes" ?>
<CodeBlocks_project_file>
	<FileVersion major="1" minor="6" />
	<Project>
		<Option title="Math Blocks" />
		<Option pch_mode="2" />
		<Option compiler="gcc" />
		<Build>
			<Target title="default">
				<Option output="build/Math Blocks" prefix_auto="1" extension_auto="1" />
				<Option working_dir="build" />
				<Option object_output="output" />
				<Option type="0" />
				<Option compiler="gcc" />
				<Compiler>
					<Add directory="include" />
				</Compiler>
			</Target>
		</Build>
		<Linker>
			<Add library="alleg" />
		</Linker>
		<Unit filename="include/block.h" />
		<Unit filename="include/calculator.h" />
		<Unit filename="include/datavalues.h" />
		<Unit filename="res/adsmath_private.rc">
			<Option compilerVar="WINDRES" />
		</Unit>
		<Unit filename="src/block.cpp" />
		<Unit filename="src/calculator.cpp" />
		<Unit filename="src/main.cpp" />
		<Extensions>
			<code_completion />
			<envvars />
			<debugger />
		</Extensions>
	</Project>
</CodeBlocks_project_file>
